
Microsoft Visual Studio Solution File, Format Version 12.00
# Visual Studio 15
Project("{FAE04EC0-301F-11D3-BF4B-00C04F79EFBC}") = "FinalProjectAssignment", "FinalProjectAssignment\FinalProjectAssignment.csproj", "{1C2763FF-3C4F-4C15-9E52-2A27B5C10A1B}"
EndProject
Global
	GlobalSection(SolutionConfigurationPlatforms) = preSolution
		Debug|anycpu = Debug|anycpu
		Release|anycpu = Release|anycpu
	EndGlobalSection
	GlobalSection(ProjectConfigurationPlatforms) = postSolution
		{1C2763FF-3C4F-4C15-9E52-2A27B5C10A1B}.Debug|anycpu.ActiveCfg = Debug|anycpu
		{1C2763FF-3C4F-4C15-9E52-2A27B5C10A1B}.Debug|anycpu.Build.0 = Debug|anycpu
		{1C2763FF-3C4F-4C15-9E52-2A27B5C10A1B}.Release|anycpu.ActiveCfg = Release|anycpu
		{1C2763FF-3C4F-4C15-9E52-2A27B5C10A1B}.Release|anycpu.Build.0 = Release|anycpu
	EndGlobalSection
EndGlobal
